
Microsoft Visual Studio Solution File, Format Version 12.00
# Visual Studio Version 17
VisualStudioVersion = 17.14.36518.9 d17.14
MinimumVisualStudioVersion = 10.0.40219.1
Project("{2150E333-8FDC-42A3-9474-1A3956D46DE8}") = "Task0", "Task0", "{02EA681E-C7D8-13C7-8484-4AC65E1B71E8}"
EndProject
Project("{FAE04EC0-301F-11D3-BF4B-00C04F79EFBC}") = "Tyuiu.SokolovaHS.Sprint6.Task0.V21", "Tyuiu.SokolovaHS.Sprint6.Task0.V21\Tyuiu.SokolovaHS.Sprint6.Task0.V21.csproj", "{734586D8-8DAE-4BCB-8F5F-E490B3DF91DE}"
EndProject
Project("{FAE04EC0-301F-11D3-BF4B-00C04F79EFBC}") = "Tyuiu.SokolovaHS.Sprint6.Task0.V21.Lib", "Tyuiu.SokolovaHS.Sprint6.Task0.V21.Lib\Tyuiu.SokolovaHS.Sprint6.Task0.V21.Lib.csproj", "{8613FAC2-D04F-439C-AA2A-7B5800BCDBB2}"
EndProject
Project("{FAE04EC0-301F-11D3-BF4B-00C04F79EFBC}") = "Tyuiu.SokolovaHS.Sprint6.Task0.V21.Test", "Tyuiu.SokolovaHS.Sprint6.Task0.V21.Test\Tyuiu.SokolovaHS.Sprint6.Task0.V21.Test.csproj", "{D3B34538-D58C-464A-A540-608F1575F7A2}"
EndProject
Global
	GlobalSection(SolutionConfigurationPlatforms) = preSolution
		Debug|Any CPU = Debug|Any CPU
		Release|Any CPU = Release|Any CPU
	EndGlobalSection
	GlobalSection(ProjectConfigurationPlatforms) = postSolution
		{734586D8-8DAE-4BCB-8F5F-E490B3DF91DE}.Debug|Any CPU.ActiveCfg = Debug|Any CPU
		{734586D8-8DAE-4BCB-8F5F-E490B3DF91DE}.Debug|Any CPU.Build.0 = Debug|Any CPU
		{734586D8-8DAE-4BCB-8F5F-E490B3DF91DE}.Release|Any CPU.ActiveCfg = Release|Any CPU
		{734586D8-8DAE-4BCB-8F5F-E490B3DF91DE}.Release|Any CPU.Build.0 = Release|Any CPU
		{8613FAC2-D04F-439C-AA2A-7B5800BCDBB2}.Debug|Any CPU.ActiveCfg = Debug|Any CPU
		{8613FAC2-D04F-439C-AA2A-7B5800BCDBB2}.Debug|Any CPU.Build.0 = Debug|Any CPU
		{8613FAC2-D04F-439C-AA2A-7B5800BCDBB2}.Release|Any CPU.ActiveCfg = Release|Any CPU
		{8613FAC2-D04F-439C-AA2A-7B5800BCDBB2}.Release|Any CPU.Build.0 = Release|Any CPU
		{D3B34538-D58C-464A-A540-608F1575F7A2}.Debug|Any CPU.ActiveCfg = Debug|Any CPU
		{D3B34538-D58C-464A-A540-608F1575F7A2}.Debug|Any CPU.Build.0 = Debug|Any CPU
		{D3B34538-D58C-464A-A540-608F1575F7A2}.Release|Any CPU.ActiveCfg = Release|Any CPU
		{D3B34538-D58C-464A-A540-608F1575F7A2}.Release|Any CPU.Build.0 = Release|Any CPU
	EndGlobalSection
	GlobalSection(SolutionProperties) = preSolution
		HideSolutionNode = FALSE
	EndGlobalSection
	GlobalSection(NestedProjects) = preSolution
		{734586D8-8DAE-4BCB-8F5F-E490B3DF91DE} = {02EA681E-C7D8-13C7-8484-4AC65E1B71E8}
		{8613FAC2-D04F-439C-AA2A-7B5800BCDBB2} = {02EA681E-C7D8-13C7-8484-4AC65E1B71E8}
		{D3B34538-D58C-464A-A540-608F1575F7A2} = {02EA681E-C7D8-13C7-8484-4AC65E1B71E8}
	EndGlobalSection
	GlobalSection(ExtensibilityGlobals) = postSolution
		SolutionGuid = {58A63DC3-D98B-49E1-AF0D-7AF5AD2D28D7}
	EndGlobalSection
EndGlobal
